
Microsoft Visual Studio Solution File, Format Version 12.00
# Visual Studio Version 17
VisualStudioVersion = 17.9.34728.123
MinimumVisualStudioVersion = 10.0.40219.1
Project("{FAE04EC0-301F-11D3-BF4B-00C04F79EFBC}") = "Interface-Garasje", "Interface-Garasje\Interface-Garasje.csproj", "{FFE33F6A-E1BC-4AFA-BFCA-DC50E6590DD8}"
EndProject
Global
	GlobalSection(SolutionConfigurationPlatforms) = preSolution
		Debug|Any CPU = Debug|Any CPU
		Release|Any CPU = Release|Any CPU
	EndGlobalSection
	GlobalSection(ProjectConfigurationPlatforms) = postSolution
		{FFE33F6A-E1BC-4AFA-BFCA-DC50E6590DD8}.Debug|Any CPU.ActiveCfg = Debug|Any CPU
		{FFE33F6A-E1BC-4AFA-BFCA-DC50E6590DD8}.Debug|Any CPU.Build.0 = Debug|Any CPU
		{FFE33F6A-E1BC-4AFA-BFCA-DC50E6590DD8}.Release|Any CPU.ActiveCfg = Release|Any CPU
		{FFE33F6A-E1BC-4AFA-BFCA-DC50E6590DD8}.Release|Any CPU.Build.0 = Release|Any CPU
	EndGlobalSection
	GlobalSection(SolutionProperties) = preSolution
		HideSolutionNode = FALSE
	EndGlobalSection
	GlobalSection(ExtensibilityGlobals) = postSolution
		SolutionGuid = {F007203E-B580-48FF-A2E4-7D4D5AB9F060}
	EndGlobalSection
EndGlobal
